
Microsoft Visual Studio Solution File, Format Version 12.00
# Visual Studio Version 17
VisualStudioVersion = 17.0.31903.59
MinimumVisualStudioVersion = 10.0.40219.1
Project("{FAE04EC0-301F-11D3-BF4B-00C04F79EFBC}") = "Beidar.UI", "Beidar.UI\Beidar.UI.csproj", "{4D5E80B3-1EF8-4A65-A53C-E2F769CEA1CC}"
EndProject
Project("{FAE04EC0-301F-11D3-BF4B-00C04F79EFBC}") = "Beidar.Core", "Beidar.Core\Beidar.Core.csproj", "{73FDD859-DB87-4B96-932B-650685C3FCC0}"
EndProject
Global
	GlobalSection(SolutionConfigurationPlatforms) = preSolution
		Debug|Any CPU = Debug|Any CPU
		Debug|x64 = Debug|x64
		Debug|x86 = Debug|x86
		Release|Any CPU = Release|Any CPU
		Release|x64 = Release|x64
		Release|x86 = Release|x86
	EndGlobalSection
	GlobalSection(ProjectConfigurationPlatforms) = postSolution
		{4D5E80B3-1EF8-4A65-A53C-E2F769CEA1CC}.Debug|Any CPU.ActiveCfg = Debug|Any CPU
		{4D5E80B3-1EF8-4A65-A53C-E2F769CEA1CC}.Debug|Any CPU.Build.0 = Debug|Any CPU
		{4D5E80B3-1EF8-4A65-A53C-E2F769CEA1CC}.Debug|x64.ActiveCfg = Debug|Any CPU
		{4D5E80B3-1EF8-4A65-A53C-E2F769CEA1CC}.Debug|x64.Build.0 = Debug|Any CPU
		{4D5E80B3-1EF8-4A65-A53C-E2F769CEA1CC}.Debug|x86.ActiveCfg = Debug|Any CPU
		{4D5E80B3-1EF8-4A65-A53C-E2F769CEA1CC}.Debug|x86.Build.0 = Debug|Any CPU
		{4D5E80B3-1EF8-4A65-A53C-E2F769CEA1CC}.Release|Any CPU.ActiveCfg = Release|Any CPU
		{4D5E80B3-1EF8-4A65-A53C-E2F769CEA1CC}.Release|Any CPU.Build.0 = Release|Any CPU
		{4D5E80B3-1EF8-4A65-A53C-E2F769CEA1CC}.Release|x64.ActiveCfg = Release|Any CPU
		{4D5E80B3-1EF8-4A65-A53C-E2F769CEA1CC}.Release|x64.Build.0 = Release|Any CPU
		{4D5E80B3-1EF8-4A65-A53C-E2F769CEA1CC}.Release|x86.ActiveCfg = Release|Any CPU
		{4D5E80B3-1EF8-4A65-A53C-E2F769CEA1CC}.Release|x86.Build.0 = Release|Any CPU
		{73FDD859-DB87-4B96-932B-650685C3FCC0}.Debug|Any CPU.ActiveCfg = Debug|Any CPU
		{73FDD859-DB87-4B96-932B-650685C3FCC0}.Debug|Any CPU.Build.0 = Debug|Any CPU
		{73FDD859-DB87-4B96-932B-650685C3FCC0}.Debug|x64.ActiveCfg = Debug|Any CPU
		{73FDD859-DB87-4B96-932B-650685C3FCC0}.Debug|x64.Build.0 = Debug|Any CPU
		{73FDD859-DB87-4B96-932B-650685C3FCC0}.Debug|x86.ActiveCfg = Debug|Any CPU
		{73FDD859-DB87-4B96-932B-650685C3FCC0}.Debug|x86.Build.0 = Debug|Any CPU
		{73FDD859-DB87-4B96-932B-650685C3FCC0}.Release|Any CPU.ActiveCfg = Release|Any CPU
		{73FDD859-DB87-4B96-932B-650685C3FCC0}.Release|Any CPU.Build.0 = Release|Any CPU
		{73FDD859-DB87-4B96-932B-650685C3FCC0}.Release|x64.ActiveCfg = Release|Any CPU
		{73FDD859-DB87-4B96-932B-650685C3FCC0}.Release|x64.Build.0 = Release|Any CPU
		{73FDD859-DB87-4B96-932B-650685C3FCC0}.Release|x86.ActiveCfg = Release|Any CPU
		{73FDD859-DB87-4B96-932B-650685C3FCC0}.Release|x86.Build.0 = Release|Any CPU
	EndGlobalSection
	GlobalSection(SolutionProperties) = preSolution
		HideSolutionNode = FALSE
	EndGlobalSection
EndGlobal
